
Microsoft Visual Studio Solution File, Format Version 12.00
# Visual Studio Version 17
VisualStudioVersion = 17.8.34309.116
MinimumVisualStudioVersion = 10.0.40219.1
Project("{FAE04EC0-301F-11D3-BF4B-00C04F79EFBC}") = "GitIgnoreExamle2", "GitIgnoreExamle2\GitIgnoreExamle2.csproj", "{1C8309E8-5DFF-406E-88A4-0BF056AE6F65}"
EndProject
Global
	GlobalSection(SolutionConfigurationPlatforms) = preSolution
		Debug|Any CPU = Debug|Any CPU
		Release|Any CPU = Release|Any CPU
	EndGlobalSection
	GlobalSection(ProjectConfigurationPlatforms) = postSolution
		{1C8309E8-5DFF-406E-88A4-0BF056AE6F65}.Debug|Any CPU.ActiveCfg = Debug|Any CPU
		{1C8309E8-5DFF-406E-88A4-0BF056AE6F65}.Debug|Any CPU.Build.0 = Debug|Any CPU
		{1C8309E8-5DFF-406E-88A4-0BF056AE6F65}.Release|Any CPU.ActiveCfg = Release|Any CPU
		{1C8309E8-5DFF-406E-88A4-0BF056AE6F65}.Release|Any CPU.Build.0 = Release|Any CPU
	EndGlobalSection
	GlobalSection(SolutionProperties) = preSolution
		HideSolutionNode = FALSE
	EndGlobalSection
	GlobalSection(ExtensibilityGlobals) = postSolution
		SolutionGuid = {F99518DB-6C76-409D-BC1B-2B1381BC097E}
	EndGlobalSection
EndGlobal
